
Microsoft Visual Studio Solution File, Format Version 12.00
# Visual Studio 14
VisualStudioVersion = 14.0.24720.0
MinimumVisualStudioVersion = 10.0.40219.1
Project("{888888A0-9F3D-457C-B088-3A5042F75D52}") = "KITshop", "KITshop.pyproj", "{C046DC44-0A93-43FD-BAE4-26B441C3D0E6}"
EndProject
Project("{FAE04EC0-301F-11D3-BF4B-00C04F79EFBC}") = "ReviewService", "..\ReviewService\ReviewService.csproj", "{8AF1790C-ECD2-4710-922C-B173140506CE}"
EndProject
Global
	GlobalSection(SolutionConfigurationPlatforms) = preSolution
		Debug|Any CPU = Debug|Any CPU
		Release|Any CPU = Release|Any CPU
	EndGlobalSection
	GlobalSection(ProjectConfigurationPlatforms) = postSolution
		{C046DC44-0A93-43FD-BAE4-26B441C3D0E6}.Debug|Any CPU.ActiveCfg = Debug|Any CPU
		{C046DC44-0A93-43FD-BAE4-26B441C3D0E6}.Release|Any CPU.ActiveCfg = Release|Any CPU
		{8AF1790C-ECD2-4710-922C-B173140506CE}.Debug|Any CPU.ActiveCfg = Debug|Any CPU
		{8AF1790C-ECD2-4710-922C-B173140506CE}.Debug|Any CPU.Build.0 = Debug|Any CPU
		{8AF1790C-ECD2-4710-922C-B173140506CE}.Release|Any CPU.ActiveCfg = Release|Any CPU
		{8AF1790C-ECD2-4710-922C-B173140506CE}.Release|Any CPU.Build.0 = Release|Any CPU
	EndGlobalSection
	GlobalSection(SolutionProperties) = preSolution
		HideSolutionNode = FALSE
	EndGlobalSection
EndGlobal
